
Microsoft Visual Studio Solution File, Format Version 12.00
# Visual Studio Version 16
VisualStudioVersion = 16.0.31129.286
MinimumVisualStudioVersion = 10.0.40219.1
Project("{FAE04EC0-301F-11D3-BF4B-00C04F79EFBC}") = "WhaleShopHRM.App", "WhaleShopHRM.App\WhaleShopHRM.App.csproj", "{2FBF3F4C-8927-4D90-9982-3515876D7732}"
EndProject
Global
	GlobalSection(SolutionConfigurationPlatforms) = preSolution
		Debug|Any CPU = Debug|Any CPU
		Release|Any CPU = Release|Any CPU
	EndGlobalSection
	GlobalSection(ProjectConfigurationPlatforms) = postSolution
		{2FBF3F4C-8927-4D90-9982-3515876D7732}.Debug|Any CPU.ActiveCfg = Debug|Any CPU
		{2FBF3F4C-8927-4D90-9982-3515876D7732}.Debug|Any CPU.Build.0 = Debug|Any CPU
		{2FBF3F4C-8927-4D90-9982-3515876D7732}.Release|Any CPU.ActiveCfg = Release|Any CPU
		{2FBF3F4C-8927-4D90-9982-3515876D7732}.Release|Any CPU.Build.0 = Release|Any CPU
	EndGlobalSection
	GlobalSection(SolutionProperties) = preSolution
		HideSolutionNode = FALSE
	EndGlobalSection
	GlobalSection(ExtensibilityGlobals) = postSolution
		SolutionGuid = {91719DC8-55AE-4263-AF2A-95BBF73B8A28}
	EndGlobalSection
EndGlobal
